
Microsoft Visual Studio Solution File, Format Version 12.00
# Visual Studio Version 17
VisualStudioVersion = 17.10.34928.147
MinimumVisualStudioVersion = 10.0.40219.1
Project("{FAE04EC0-301F-11D3-BF4B-00C04F79EFBC}") = "Banking", "Banking\Banking.csproj", "{453EDCAC-257E-4B2E-9274-E28EC3CC8090}"
EndProject
Global
	GlobalSection(SolutionConfigurationPlatforms) = preSolution
		Debug|Any CPU = Debug|Any CPU
		Release|Any CPU = Release|Any CPU
	EndGlobalSection
	GlobalSection(ProjectConfigurationPlatforms) = postSolution
		{453EDCAC-257E-4B2E-9274-E28EC3CC8090}.Debug|Any CPU.ActiveCfg = Debug|Any CPU
		{453EDCAC-257E-4B2E-9274-E28EC3CC8090}.Debug|Any CPU.Build.0 = Debug|Any CPU
		{453EDCAC-257E-4B2E-9274-E28EC3CC8090}.Release|Any CPU.ActiveCfg = Release|Any CPU
		{453EDCAC-257E-4B2E-9274-E28EC3CC8090}.Release|Any CPU.Build.0 = Release|Any CPU
	EndGlobalSection
	GlobalSection(SolutionProperties) = preSolution
		HideSolutionNode = FALSE
	EndGlobalSection
	GlobalSection(ExtensibilityGlobals) = postSolution
		SolutionGuid = {4A02894F-6BF3-4DF5-9798-C0613803CE8B}
	EndGlobalSection
EndGlobal
